
Microsoft Visual Studio Solution File, Format Version 12.00
Project("{FAE04EC0-301F-11D3-BF4B-00C04F79EFBC}") = "backend", "backend\backend.csproj", "{460259D7-D16D-41BB-B64C-757C20BD6BB3}"
EndProject
Global
	GlobalSection(SolutionConfigurationPlatforms) = preSolution
		Debug|Any CPU = Debug|Any CPU
		Release|Any CPU = Release|Any CPU
	EndGlobalSection
	GlobalSection(ProjectConfigurationPlatforms) = postSolution
		{460259D7-D16D-41BB-B64C-757C20BD6BB3}.Debug|Any CPU.ActiveCfg = Debug|Any CPU
		{460259D7-D16D-41BB-B64C-757C20BD6BB3}.Debug|Any CPU.Build.0 = Debug|Any CPU
		{460259D7-D16D-41BB-B64C-757C20BD6BB3}.Release|Any CPU.ActiveCfg = Release|Any CPU
		{460259D7-D16D-41BB-B64C-757C20BD6BB3}.Release|Any CPU.Build.0 = Release|Any CPU
	EndGlobalSection
EndGlobal
